
Microsoft Visual Studio Solution File, Format Version 12.00
Project("{FAE04EC0-301F-11D3-BF4B-00C04F79EFBC}") = "KeyGenerationService", "KeyGenerationService.csproj", "{E9BF5A7E-4DBB-49EC-94DB-B485B691AC28}"
EndProject
Global
	GlobalSection(SolutionConfigurationPlatforms) = preSolution
		Debug|Any CPU = Debug|Any CPU
		Release|Any CPU = Release|Any CPU
	EndGlobalSection
	GlobalSection(ProjectConfigurationPlatforms) = postSolution
		{E9BF5A7E-4DBB-49EC-94DB-B485B691AC28}.Debug|Any CPU.ActiveCfg = Debug|Any CPU
		{E9BF5A7E-4DBB-49EC-94DB-B485B691AC28}.Debug|Any CPU.Build.0 = Debug|Any CPU
		{E9BF5A7E-4DBB-49EC-94DB-B485B691AC28}.Release|Any CPU.ActiveCfg = Release|Any CPU
		{E9BF5A7E-4DBB-49EC-94DB-B485B691AC28}.Release|Any CPU.Build.0 = Release|Any CPU
	EndGlobalSection
EndGlobal
